
Microsoft Visual Studio Solution File, Format Version 12.00
# Visual Studio Version 16
VisualStudioVersion = 16.0.30804.86
MinimumVisualStudioVersion = 10.0.40219.1
Project("{888888A0-9F3D-457C-B088-3A5042F75D52}") = "NFAtoDFAVar23", "NFAtoDFAVar23\NFAtoDFAVar23.pyproj", "{49FABEE5-1F06-4F41-ADE0-44508FEE3860}"
EndProject
Global
	GlobalSection(SolutionConfigurationPlatforms) = preSolution
		Debug|Any CPU = Debug|Any CPU
		Release|Any CPU = Release|Any CPU
	EndGlobalSection
	GlobalSection(ProjectConfigurationPlatforms) = postSolution
		{49FABEE5-1F06-4F41-ADE0-44508FEE3860}.Debug|Any CPU.ActiveCfg = Debug|Any CPU
		{49FABEE5-1F06-4F41-ADE0-44508FEE3860}.Release|Any CPU.ActiveCfg = Release|Any CPU
	EndGlobalSection
	GlobalSection(SolutionProperties) = preSolution
		HideSolutionNode = FALSE
	EndGlobalSection
	GlobalSection(ExtensibilityGlobals) = postSolution
		SolutionGuid = {A44F6783-E0E1-4AF4-83E9-DC4C4883AAC1}
	EndGlobalSection
EndGlobal
